
Microsoft Visual Studio Solution File, Format Version 12.00
# Visual Studio 15
VisualStudioVersion = 15.0.28307.1321
MinimumVisualStudioVersion = 10.0.40219.1
Project("{FAE04EC0-301F-11D3-BF4B-00C04F79EFBC}") = "Micropad", "Micropad\Micropad.csproj", "{C35D5A8B-353B-4DCF-B011-D91A84D3477F}"
EndProject
Global
	GlobalSection(SolutionConfigurationPlatforms) = preSolution
		Debug|Any CPU = Debug|Any CPU
		Release|Any CPU = Release|Any CPU
	EndGlobalSection
	GlobalSection(ProjectConfigurationPlatforms) = postSolution
		{C35D5A8B-353B-4DCF-B011-D91A84D3477F}.Debug|Any CPU.ActiveCfg = Debug|Any CPU
		{C35D5A8B-353B-4DCF-B011-D91A84D3477F}.Debug|Any CPU.Build.0 = Debug|Any CPU
		{C35D5A8B-353B-4DCF-B011-D91A84D3477F}.Release|Any CPU.ActiveCfg = Release|Any CPU
		{C35D5A8B-353B-4DCF-B011-D91A84D3477F}.Release|Any CPU.Build.0 = Release|Any CPU
	EndGlobalSection
	GlobalSection(SolutionProperties) = preSolution
		HideSolutionNode = FALSE
	EndGlobalSection
	GlobalSection(ExtensibilityGlobals) = postSolution
		SolutionGuid = {1CB36E21-72A4-42E9-B2CB-F1C31E683A4D}
	EndGlobalSection
EndGlobal
